
Microsoft Visual Studio Solution File, Format Version 12.00
# Visual Studio 2013
VisualStudioVersion = 12.0.30110.0
MinimumVisualStudioVersion = 10.0.40219.1
Project("{FAE04EC0-301F-11D3-BF4B-00C04F79EFBC}") = "SignalR_Chat_MVC", "SignalR_Chat_MVC\SignalR_Chat_MVC.csproj", "{2BF71135-33EC-4A50-A333-EAD2DE64CE7B}"
EndProject
Global
	GlobalSection(TeamFoundationVersionControl) = preSolution
		SccNumberOfProjects = 2
		SccEnterpriseProvider = {4CA58AB2-18FA-4F8D-95D4-32DDF27D184C}
		SccTeamFoundationServer = https://wellingtonjhn.visualstudio.com/defaultcollection
		SccLocalPath0 = .
		SccProjectUniqueName1 = SignalR_Chat_MVC\\SignalR_Chat_MVC.csproj
		SccProjectName1 = SignalR_Chat_MVC
		SccLocalPath1 = SignalR_Chat_MVC
	EndGlobalSection
	GlobalSection(SolutionConfigurationPlatforms) = preSolution
		Debug|Any CPU = Debug|Any CPU
		Release|Any CPU = Release|Any CPU
	EndGlobalSection
	GlobalSection(ProjectConfigurationPlatforms) = postSolution
		{2BF71135-33EC-4A50-A333-EAD2DE64CE7B}.Debug|Any CPU.ActiveCfg = Debug|Any CPU
		{2BF71135-33EC-4A50-A333-EAD2DE64CE7B}.Debug|Any CPU.Build.0 = Debug|Any CPU
		{2BF71135-33EC-4A50-A333-EAD2DE64CE7B}.Release|Any CPU.ActiveCfg = Release|Any CPU
		{2BF71135-33EC-4A50-A333-EAD2DE64CE7B}.Release|Any CPU.Build.0 = Release|Any CPU
	EndGlobalSection
	GlobalSection(SolutionProperties) = preSolution
		HideSolutionNode = FALSE
	EndGlobalSection
EndGlobal
